
Microsoft Visual Studio Solution File, Format Version 12.00
# Visual Studio Version 17
VisualStudioVersion = 17.3.32901.215
MinimumVisualStudioVersion = 10.0.40219.1
Project("{8BC9CEB8-8B4A-11D0-8D11-00A0C91BC942}") = "3rd_week(3)", "3rd_week(3)\3rd_week(3).vcxproj", "{D1ECF4E0-4EFC-4AE4-A5C6-6940AC5B6394}"
EndProject
Global
	GlobalSection(SolutionConfigurationPlatforms) = preSolution
		Debug|x64 = Debug|x64
		Debug|x86 = Debug|x86
		Release|x64 = Release|x64
		Release|x86 = Release|x86
	EndGlobalSection
	GlobalSection(ProjectConfigurationPlatforms) = postSolution
		{D1ECF4E0-4EFC-4AE4-A5C6-6940AC5B6394}.Debug|x64.ActiveCfg = Debug|x64
		{D1ECF4E0-4EFC-4AE4-A5C6-6940AC5B6394}.Debug|x64.Build.0 = Debug|x64
		{D1ECF4E0-4EFC-4AE4-A5C6-6940AC5B6394}.Debug|x86.ActiveCfg = Debug|Win32
		{D1ECF4E0-4EFC-4AE4-A5C6-6940AC5B6394}.Debug|x86.Build.0 = Debug|Win32
		{D1ECF4E0-4EFC-4AE4-A5C6-6940AC5B6394}.Release|x64.ActiveCfg = Release|x64
		{D1ECF4E0-4EFC-4AE4-A5C6-6940AC5B6394}.Release|x64.Build.0 = Release|x64
		{D1ECF4E0-4EFC-4AE4-A5C6-6940AC5B6394}.Release|x86.ActiveCfg = Release|Win32
		{D1ECF4E0-4EFC-4AE4-A5C6-6940AC5B6394}.Release|x86.Build.0 = Release|Win32
	EndGlobalSection
	GlobalSection(SolutionProperties) = preSolution
		HideSolutionNode = FALSE
	EndGlobalSection
	GlobalSection(ExtensibilityGlobals) = postSolution
		SolutionGuid = {21C743FB-3A27-4A4C-B726-2928FD677F46}
	EndGlobalSection
EndGlobal
